// !$*UTF8*$!
{
	archiveVersion = 1;
	classes = {
	};
	objectVersion = 55;
	objects = {

/* Begin PBXBuildFile section */
		0551B58028A1925100C92831 /* MoviesListCollectionViewCell.swift in Sources */ = {isa = PBXBuildFile; fileRef = 0551B57E28A1925100C92831 /* MoviesListCollectionViewCell.swift */; };
		0551B58128A1925100C92831 /* MoviesListCollectionViewCell.xib in Resources */ = {isa = PBXBuildFile; fileRef = 0551B57F28A1925100C92831 /* MoviesListCollectionViewCell.xib */; };
		057CCD6628A1824000E874A8 /* AppDelegate.swift in Sources */ = {isa = PBXBuildFile; fileRef = 057CCD6528A1824000E874A8 /* AppDelegate.swift */; };
		057CCD6828A1824000E874A8 /* SceneDelegate.swift in Sources */ = {isa = PBXBuildFile; fileRef = 057CCD6728A1824000E874A8 /* SceneDelegate.swift */; };
		057CCD6F28A1824100E874A8 /* Assets.xcassets in Resources */ = {isa = PBXBuildFile; fileRef = 057CCD6E28A1824100E874A8 /* Assets.xcassets */; };
		057CCD7228A1824100E874A8 /* LaunchScreen.storyboard in Resources */ = {isa = PBXBuildFile; fileRef = 057CCD7028A1824100E874A8 /* LaunchScreen.storyboard */; };
		057CCD7D28A1824100E874A8 /* ChallengeTests.swift in Sources */ = {isa = PBXBuildFile; fileRef = 057CCD7C28A1824100E874A8 /* ChallengeTests.swift */; };
		057CCD8728A1824100E874A8 /* ChallengeUITests.swift in Sources */ = {isa = PBXBuildFile; fileRef = 057CCD8628A1824100E874A8 /* ChallengeUITests.swift */; };
		057CCD8928A1824100E874A8 /* ChallengeUITestsLaunchTests.swift in Sources */ = {isa = PBXBuildFile; fileRef = 057CCD8828A1824100E874A8 /* ChallengeUITestsLaunchTests.swift */; };
		057CCD9E28A182D300E874A8 /* UIViewController+Extensions.swift in Sources */ = {isa = PBXBuildFile; fileRef = 057CCD9D28A182D300E874A8 /* UIViewController+Extensions.swift */; };
		057CCDA028A182F200E874A8 /* HTTPError.swift in Sources */ = {isa = PBXBuildFile; fileRef = 057CCD9F28A182F200E874A8 /* HTTPError.swift */; };
		057CCDA428A1831A00E874A8 /* HTTPClient.swift in Sources */ = {isa = PBXBuildFile; fileRef = 057CCDA328A1831A00E874A8 /* HTTPClient.swift */; };
		057CCDB028A1834C00E874A8 /* Kingfisher in Frameworks */ = {isa = PBXBuildFile; productRef = 057CCDAF28A1834C00E874A8 /* Kingfisher */; };
		057CCDB228A1836600E874A8 /* Coordinator.swift in Sources */ = {isa = PBXBuildFile; fileRef = 057CCDB128A1836600E874A8 /* Coordinator.swift */; };
		057CCDB428A1838F00E874A8 /* AppCoordinator.swift in Sources */ = {isa = PBXBuildFile; fileRef = 057CCDB328A1838F00E874A8 /* AppCoordinator.swift */; };
		057CCDB628A183A400E874A8 /* AppCoordinating.swift in Sources */ = {isa = PBXBuildFile; fileRef = 057CCDB528A183A400E874A8 /* AppCoordinating.swift */; };
		057CCDBA28A183CF00E874A8 /* MoviesListViewController.swift in Sources */ = {isa = PBXBuildFile; fileRef = 057CCDB828A183CF00E874A8 /* MoviesListViewController.swift */; };
		057CCDBD28A1842400E874A8 /* MoviesListViewModel.swift in Sources */ = {isa = PBXBuildFile; fileRef = 057CCDBC28A1842400E874A8 /* MoviesListViewModel.swift */; };
		057CCDC028A1854400E874A8 /* RxCocoa in Frameworks */ = {isa = PBXBuildFile; productRef = 057CCDBF28A1854400E874A8 /* RxCocoa */; };
		057CCDC228A1854400E874A8 /* RxRelay in Frameworks */ = {isa = PBXBuildFile; productRef = 057CCDC128A1854400E874A8 /* RxRelay */; };
		057CCDC428A1854400E874A8 /* RxSwift in Frameworks */ = {isa = PBXBuildFile; productRef = 057CCDC328A1854400E874A8 /* RxSwift */; };
		057CCDC628A1868900E874A8 /* Movie.swift in Sources */ = {isa = PBXBuildFile; fileRef = 057CCDC528A1868900E874A8 /* Movie.swift */; };
		057CCDC828A187D200E874A8 /* MoviesRepository.swift in Sources */ = {isa = PBXBuildFile; fileRef = 057CCDC728A187D200E874A8 /* MoviesRepository.swift */; };
		057CCDCA28A1897900E874A8 /* GetAllMoviesUseCase.swift in Sources */ = {isa = PBXBuildFile; fileRef = 057CCDC928A1897900E874A8 /* GetAllMoviesUseCase.swift */; };
		057CCDCC28A189A800E874A8 /* GetAllMoviesUseCaseImpl.swift in Sources */ = {isa = PBXBuildFile; fileRef = 057CCDCB28A189A800E874A8 /* GetAllMoviesUseCaseImpl.swift */; };
		057CCDCE28A18F2500E874A8 /* MoviesListViewController.xib in Resources */ = {isa = PBXBuildFile; fileRef = 057CCDCD28A18F2500E874A8 /* MoviesListViewController.xib */; };
/* End PBXBuildFile section */

/* Begin PBXContainerItemProxy section */
		057CCD7928A1824100E874A8 /* PBXContainerItemProxy */ = {
			isa = PBXContainerItemProxy;
			containerPortal = 057CCD5A28A1823F00E874A8 /* Project object */;
			proxyType = 1;
			remoteGlobalIDString = 057CCD6128A1824000E874A8;
			remoteInfo = Challenge;
		};
		057CCD8328A1824100E874A8 /* PBXContainerItemProxy */ = {
			isa = PBXContainerItemProxy;
			containerPortal = 057CCD5A28A1823F00E874A8 /* Project object */;
			proxyType = 1;
			remoteGlobalIDString = 057CCD6128A1824000E874A8;
			remoteInfo = Challenge;
		};
/* End PBXContainerItemProxy section */

/* Begin PBXFileReference section */
		0551B57E28A1925100C92831 /* MoviesListCollectionViewCell.swift */ = {isa = PBXFileReference; lastKnownFileType = sourcecode.swift; path = MoviesListCollectionViewCell.swift; sourceTree = "<group>"; };
		0551B57F28A1925100C92831 /* MoviesListCollectionViewCell.xib */ = {isa = PBXFileReference; lastKnownFileType = file.xib; path = MoviesListCollectionViewCell.xib; sourceTree = "<group>"; };
		057CCD6228A1824000E874A8 /* Challenge.app */ = {isa = PBXFileReference; explicitFileType = wrapper.application; includeInIndex = 0; path = Challenge.app; sourceTree = BUILT_PRODUCTS_DIR; };
		057CCD6528A1824000E874A8 /* AppDelegate.swift */ = {isa = PBXFileReference; lastKnownFileType = sourcecode.swift; path = AppDelegate.swift; sourceTree = "<group>"; };
		057CCD6728A1824000E874A8 /* SceneDelegate.swift */ = {isa = PBXFileReference; lastKnownFileType = sourcecode.swift; path = SceneDelegate.swift; sourceTree = "<group>"; };
		057CCD6E28A1824100E874A8 /* Assets.xcassets */ = {isa = PBXFileReference; lastKnownFileType = folder.assetcatalog; path = Assets.xcassets; sourceTree = "<group>"; };
		057CCD7128A1824100E874A8 /* Base */ = {isa = PBXFileReference; lastKnownFileType = file.storyboard; name = Base; path = Base.lproj/LaunchScreen.storyboard; sourceTree = "<group>"; };
		057CCD7328A1824100E874A8 /* Info.plist */ = {isa = PBXFileReference; lastKnownFileType = text.plist.xml; path = Info.plist; sourceTree = "<group>"; };
		057CCD7828A1824100E874A8 /* ChallengeTests.xctest */ = {isa = PBXFileReference; explicitFileType = wrapper.cfbundle; includeInIndex = 0; path = ChallengeTests.xctest; sourceTree = BUILT_PRODUCTS_DIR; };
		057CCD7C28A1824100E874A8 /* ChallengeTests.swift */ = {isa = PBXFileReference; lastKnownFileType = sourcecode.swift; path = ChallengeTests.swift; sourceTree = "<group>"; };
		057CCD8228A1824100E874A8 /* ChallengeUITests.xctest */ = {isa = PBXFileReference; explicitFileType = wrapper.cfbundle; includeInIndex = 0; path = ChallengeUITests.xctest; sourceTree = BUILT_PRODUCTS_DIR; };
		057CCD8628A1824100E874A8 /* ChallengeUITests.swift */ = {isa = PBXFileReference; lastKnownFileType = sourcecode.swift; path = ChallengeUITests.swift; sourceTree = "<group>"; };
		057CCD8828A1824100E874A8 /* ChallengeUITestsLaunchTests.swift */ = {isa = PBXFileReference; lastKnownFileType = sourcecode.swift; path = ChallengeUITestsLaunchTests.swift; sourceTree = "<group>"; };
		057CCD9D28A182D300E874A8 /* UIViewController+Extensions.swift */ = {isa = PBXFileReference; lastKnownFileType = sourcecode.swift; path = "UIViewController+Extensions.swift"; sourceTree = "<group>"; };
		057CCD9F28A182F200E874A8 /* HTTPError.swift */ = {isa = PBXFileReference; lastKnownFileType = sourcecode.swift; path = HTTPError.swift; sourceTree = "<group>"; };
		057CCDA328A1831A00E874A8 /* HTTPClient.swift */ = {isa = PBXFileReference; lastKnownFileType = sourcecode.swift; path = HTTPClient.swift; sourceTree = "<group>"; };
		057CCDB128A1836600E874A8 /* Coordinator.swift */ = {isa = PBXFileReference; lastKnownFileType = sourcecode.swift; path = Coordinator.swift; sourceTree = "<group>"; };
		057CCDB328A1838F00E874A8 /* AppCoordinator.swift */ = {isa = PBXFileReference; lastKnownFileType = sourcecode.swift; path = AppCoordinator.swift; sourceTree = "<group>"; };
		057CCDB528A183A400E874A8 /* AppCoordinating.swift */ = {isa = PBXFileReference; lastKnownFileType = sourcecode.swift; path = AppCoordinating.swift; sourceTree = "<group>"; };
		057CCDB828A183CF00E874A8 /* MoviesListViewController.swift */ = {isa = PBXFileReference; lastKnownFileType = sourcecode.swift; path = MoviesListViewController.swift; sourceTree = "<group>"; };
		057CCDBC28A1842400E874A8 /* MoviesListViewModel.swift */ = {isa = PBXFileReference; lastKnownFileType = sourcecode.swift; path = MoviesListViewModel.swift; sourceTree = "<group>"; };
		057CCDC528A1868900E874A8 /* Movie.swift */ = {isa = PBXFileReference; lastKnownFileType = sourcecode.swift; path = Movie.swift; sourceTree = "<group>"; };
		057CCDC728A187D200E874A8 /* MoviesRepository.swift */ = {isa = PBXFileReference; lastKnownFileType = sourcecode.swift; path = MoviesRepository.swift; sourceTree = "<group>"; };
		057CCDC928A1897900E874A8 /* GetAllMoviesUseCase.swift */ = {isa = PBXFileReference; lastKnownFileType = sourcecode.swift; path = GetAllMoviesUseCase.swift; sourceTree = "<group>"; };
		057CCDCB28A189A800E874A8 /* GetAllMoviesUseCaseImpl.swift */ = {isa = PBXFileReference; lastKnownFileType = sourcecode.swift; path = GetAllMoviesUseCaseImpl.swift; sourceTree = "<group>"; };
		057CCDCD28A18F2500E874A8 /* MoviesListViewController.xib */ = {isa = PBXFileReference; fileEncoding = 4; lastKnownFileType = file.xib; path = MoviesListViewController.xib; sourceTree = "<group>"; };
/* End PBXFileReference section */

/* Begin PBXFrameworksBuildPhase section */
		057CCD5F28A1824000E874A8 /* Frameworks */ = {
			isa = PBXFrameworksBuildPhase;
			buildActionMask = 2147483647;
			files = (
				057CCDC228A1854400E874A8 /* RxRelay in Frameworks */,
				057CCDC028A1854400E874A8 /* RxCocoa in Frameworks */,
				057CCDC428A1854400E874A8 /* RxSwift in Frameworks */,
				057CCDB028A1834C00E874A8 /* Kingfisher in Frameworks */,
			);
			runOnlyForDeploymentPostprocessing = 0;
		};
		057CCD7528A1824100E874A8 /* Frameworks */ = {
			isa = PBXFrameworksBuildPhase;
			buildActionMask = 2147483647;
			files = (
			);
			runOnlyForDeploymentPostprocessing = 0;
		};
		057CCD7F28A1824100E874A8 /* Frameworks */ = {
			isa = PBXFrameworksBuildPhase;
			buildActionMask = 2147483647;
			files = (
			);
			runOnlyForDeploymentPostprocessing = 0;
		};
/* End PBXFrameworksBuildPhase section */

/* Begin PBXGroup section */
		0551B57D28A1923D00C92831 /* Cells */ = {
			isa = PBXGroup;
			children = (
				0551B57E28A1925100C92831 /* MoviesListCollectionViewCell.swift */,
				0551B57F28A1925100C92831 /* MoviesListCollectionViewCell.xib */,
			);
			path = Cells;
			sourceTree = "<group>";
		};
		057CCD5928A1823F00E874A8 = {
			isa = PBXGroup;
			children = (
				057CCD6428A1824000E874A8 /* Challenge */,
				057CCD7B28A1824100E874A8 /* ChallengeTests */,
				057CCD8528A1824100E874A8 /* ChallengeUITests */,
				057CCD6328A1824000E874A8 /* Products */,
			);
			sourceTree = "<group>";
		};
		057CCD6328A1824000E874A8 /* Products */ = {
			isa = PBXGroup;
			children = (
				057CCD6228A1824000E874A8 /* Challenge.app */,
				057CCD7828A1824100E874A8 /* ChallengeTests.xctest */,
				057CCD8228A1824100E874A8 /* ChallengeUITests.xctest */,
			);
			name = Products;
			sourceTree = "<group>";
		};
		057CCD6428A1824000E874A8 /* Challenge */ = {
			isa = PBXGroup;
			children = (
				057CCD9B28A182B100E874A8 /* Flows */,
				057CCD9A28A1827F00E874A8 /* Models */,
				057CCD9928A1827A00E874A8 /* Navigation */,
				057CCD9828A1827300E874A8 /* Network */,
				057CCD9728A1826F00E874A8 /* Resources */,
				057CCD9628A1826200E874A8 /* Tests */,
				057CCD7328A1824100E874A8 /* Info.plist */,
			);
			path = Challenge;
			sourceTree = "<group>";
		};
		057CCD7B28A1824100E874A8 /* ChallengeTests */ = {
			isa = PBXGroup;
			children = (
				057CCD7C28A1824100E874A8 /* ChallengeTests.swift */,
			);
			path = ChallengeTests;
			sourceTree = "<group>";
		};
		057CCD8528A1824100E874A8 /* ChallengeUITests */ = {
			isa = PBXGroup;
			children = (
				057CCD8628A1824100E874A8 /* ChallengeUITests.swift */,
				057CCD8828A1824100E874A8 /* ChallengeUITestsLaunchTests.swift */,
			);
			path = ChallengeUITests;
			sourceTree = "<group>";
		};
		057CCD9628A1826200E874A8 /* Tests */ = {
			isa = PBXGroup;
			children = (
			);
			path = Tests;
			sourceTree = "<group>";
		};
		057CCD9728A1826F00E874A8 /* Resources */ = {
			isa = PBXGroup;
			children = (
				057CCD9C28A182B900E874A8 /* Extensions */,
				057CCD6E28A1824100E874A8 /* Assets.xcassets */,
				057CCD6728A1824000E874A8 /* SceneDelegate.swift */,
				057CCD6528A1824000E874A8 /* AppDelegate.swift */,
				057CCD7028A1824100E874A8 /* LaunchScreen.storyboard */,
				057CCD9F28A182F200E874A8 /* HTTPError.swift */,
			);
			path = Resources;
			sourceTree = "<group>";
		};
		057CCD9828A1827300E874A8 /* Network */ = {
			isa = PBXGroup;
			children = (
				057CCDA228A1831200E874A8 /* Repositories */,
				057CCDA128A1830E00E874A8 /* UseCases */,
				057CCDA328A1831A00E874A8 /* HTTPClient.swift */,
			);
			path = Network;
			sourceTree = "<group>";
		};
		057CCD9928A1827A00E874A8 /* Navigation */ = {
			isa = PBXGroup;
			children = (
				057CCDB128A1836600E874A8 /* Coordinator.swift */,
				057CCDB328A1838F00E874A8 /* AppCoordinator.swift */,
				057CCDB528A183A400E874A8 /* AppCoordinating.swift */,
			);
			path = Navigation;
			sourceTree = "<group>";
		};
		057CCD9A28A1827F00E874A8 /* Models */ = {
			isa = PBXGroup;
			children = (
				057CCDC528A1868900E874A8 /* Movie.swift */,
			);
			path = Models;
			sourceTree = "<group>";
		};
		057CCD9B28A182B100E874A8 /* Flows */ = {
			isa = PBXGroup;
			children = (
				057CCDB728A183C100E874A8 /* MoviesList */,
			);
			path = Flows;
			sourceTree = "<group>";
		};
		057CCD9C28A182B900E874A8 /* Extensions */ = {
			isa = PBXGroup;
			children = (
				057CCD9D28A182D300E874A8 /* UIViewController+Extensions.swift */,
			);
			path = Extensions;
			sourceTree = "<group>";
		};
		057CCDA128A1830E00E874A8 /* UseCases */ = {
			isa = PBXGroup;
			children = (
				057CCDC928A1897900E874A8 /* GetAllMoviesUseCase.swift */,
				057CCDCB28A189A800E874A8 /* GetAllMoviesUseCaseImpl.swift */,
			);
			path = UseCases;
			sourceTree = "<group>";
		};
		057CCDA228A1831200E874A8 /* Repositories */ = {
			isa = PBXGroup;
			children = (
				057CCDC728A187D200E874A8 /* MoviesRepository.swift */,
			);
			path = Repositories;
			sourceTree = "<group>";
		};
		057CCDB728A183C100E874A8 /* MoviesList */ = {
			isa = PBXGroup;
			children = (
				0551B57D28A1923D00C92831 /* Cells */,
				057CCDB828A183CF00E874A8 /* MoviesListViewController.swift */,
				057CCDCD28A18F2500E874A8 /* MoviesListViewController.xib */,
				057CCDBC28A1842400E874A8 /* MoviesListViewModel.swift */,
			);
			path = MoviesList;
			sourceTree = "<group>";
		};
/* End PBXGroup section */

/* Begin PBXNativeTarget section */
		057CCD6128A1824000E874A8 /* Challenge */ = {
			isa = PBXNativeTarget;
			buildConfigurationList = 057CCD8C28A1824100E874A8 /* Build configuration list for PBXNativeTarget "Challenge" */;
			buildPhases = (
				057CCD5E28A1824000E874A8 /* Sources */,
				057CCD5F28A1824000E874A8 /* Frameworks */,
				057CCD6028A1824000E874A8 /* Resources */,
			);
			buildRules = (
			);
			dependencies = (
			);
			name = Challenge;
			packageProductDependencies = (
				057CCDAF28A1834C00E874A8 /* Kingfisher */,
				057CCDBF28A1854400E874A8 /* RxCocoa */,
				057CCDC128A1854400E874A8 /* RxRelay */,
				057CCDC328A1854400E874A8 /* RxSwift */,
			);
			productName = Challenge;
			productReference = 057CCD6228A1824000E874A8 /* Challenge.app */;
			productType = "com.apple.product-type.application";
		};
		057CCD7728A1824100E874A8 /* ChallengeTests */ = {
			isa = PBXNativeTarget;
			buildConfigurationList = 057CCD8F28A1824100E874A8 /* Build configuration list for PBXNativeTarget "ChallengeTests" */;
			buildPhases = (
				057CCD7428A1824100E874A8 /* Sources */,
				057CCD7528A1824100E874A8 /* Frameworks */,
				057CCD7628A1824100E874A8 /* Resources */,
			);
			buildRules = (
			);
			dependencies = (
				057CCD7A28A1824100E874A8 /* PBXTargetDependency */,
			);
			name = ChallengeTests;
			productName = ChallengeTests;
			productReference = 057CCD7828A1824100E874A8 /* ChallengeTests.xctest */;
			productType = "com.apple.product-type.bundle.unit-test";
		};
		057CCD8128A1824100E874A8 /* ChallengeUITests */ = {
			isa = PBXNativeTarget;
			buildConfigurationList = 057CCD9228A1824100E874A8 /* Build configuration list for PBXNativeTarget "ChallengeUITests" */;
			buildPhases = (
				057CCD7E28A1824100E874A8 /* Sources */,
				057CCD7F28A1824100E874A8 /* Frameworks */,
				057CCD8028A1824100E874A8 /* Resources */,
			);
			buildRules = (
			);
			dependencies = (
				057CCD8428A1824100E874A8 /* PBXTargetDependency */,
			);
			name = ChallengeUITests;
			productName = ChallengeUITests;
			productReference = 057CCD8228A1824100E874A8 /* ChallengeUITests.xctest */;
			productType = "com.apple.product-type.bundle.ui-testing";
		};
/* End PBXNativeTarget section */

/* Begin PBXProject section */
		057CCD5A28A1823F00E874A8 /* Project object */ = {
			isa = PBXProject;
			attributes = {
				BuildIndependentTargetsInParallel = 1;
				LastSwiftUpdateCheck = 1340;
				LastUpgradeCheck = 1340;
				TargetAttributes = {
					057CCD6128A1824000E874A8 = {
						CreatedOnToolsVersion = 13.4.1;
					};
					057CCD7728A1824100E874A8 = {
						CreatedOnToolsVersion = 13.4.1;
						TestTargetID = 057CCD6128A1824000E874A8;
					};
					057CCD8128A1824100E874A8 = {
						CreatedOnToolsVersion = 13.4.1;
						TestTargetID = 057CCD6128A1824000E874A8;
					};
				};
			};
			buildConfigurationList = 057CCD5D28A1824000E874A8 /* Build configuration list for PBXProject "Challenge" */;
			compatibilityVersion = "Xcode 13.0";
			developmentRegion = en;
			hasScannedForEncodings = 0;
			knownRegions = (
				en,
				Base,
			);
			mainGroup = 057CCD5928A1823F00E874A8;
			packageReferences = (
				057CCDAE28A1834C00E874A8 /* XCRemoteSwiftPackageReference "Kingfisher" */,
				057CCDBE28A1854400E874A8 /* XCRemoteSwiftPackageReference "RxSwift" */,
			);
			productRefGroup = 057CCD6328A1824000E874A8 /* Products */;
			projectDirPath = "";
			projectRoot = "";
			targets = (
				057CCD6128A1824000E874A8 /* Challenge */,
				057CCD7728A1824100E874A8 /* ChallengeTests */,
				057CCD8128A1824100E874A8 /* ChallengeUITests */,
			);
		};
/* End PBXProject section */

/* Begin PBXResourcesBuildPhase section */
		057CCD6028A1824000E874A8 /* Resources */ = {
			isa = PBXResourcesBuildPhase;
			buildActionMask = 2147483647;
			files = (
				057CCD7228A1824100E874A8 /* LaunchScreen.storyboard in Resources */,
				057CCD6F28A1824100E874A8 /* Assets.xcassets in Resources */,
				0551B58128A1925100C92831 /* MoviesListCollectionViewCell.xib in Resources */,
				057CCDCE28A18F2500E874A8 /* MoviesListViewController.xib in Resources */,
			);
			runOnlyForDeploymentPostprocessing = 0;
		};
		057CCD7628A1824100E874A8 /* Resources */ = {
			isa = PBXResourcesBuildPhase;
			buildActionMask = 2147483647;
			files = (
			);
			runOnlyForDeploymentPostprocessing = 0;
		};
		057CCD8028A1824100E874A8 /* Resources */ = {
			isa = PBXResourcesBuildPhase;
			buildActionMask = 2147483647;
			files = (
			);
			runOnlyForDeploymentPostprocessing = 0;
		};
/* End PBXResourcesBuildPhase section */

/* Begin PBXSourcesBuildPhase section */
		057CCD5E28A1824000E874A8 /* Sources */ = {
			isa = PBXSourcesBuildPhase;
			buildActionMask = 2147483647;
			files = (
				0551B58028A1925100C92831 /* MoviesListCollectionViewCell.swift in Sources */,
				057CCD9E28A182D300E874A8 /* UIViewController+Extensions.swift in Sources */,
				057CCDA428A1831A00E874A8 /* HTTPClient.swift in Sources */,
				057CCDB628A183A400E874A8 /* AppCoordinating.swift in Sources */,
				057CCD6628A1824000E874A8 /* AppDelegate.swift in Sources */,
				057CCDCA28A1897900E874A8 /* GetAllMoviesUseCase.swift in Sources */,
				057CCDC828A187D200E874A8 /* MoviesRepository.swift in Sources */,
				057CCDB428A1838F00E874A8 /* AppCoordinator.swift in Sources */,
				057CCDBD28A1842400E874A8 /* MoviesListViewModel.swift in Sources */,
				057CCDA028A182F200E874A8 /* HTTPError.swift in Sources */,
				057CCDCC28A189A800E874A8 /* GetAllMoviesUseCaseImpl.swift in Sources */,
				057CCDBA28A183CF00E874A8 /* MoviesListViewController.swift in Sources */,
				057CCD6828A1824000E874A8 /* SceneDelegate.swift in Sources */,
				057CCDC628A1868900E874A8 /* Movie.swift in Sources */,
				057CCDB228A1836600E874A8 /* Coordinator.swift in Sources */,
			);
			runOnlyForDeploymentPostprocessing = 0;
		};
		057CCD7428A1824100E874A8 /* Sources */ = {
			isa = PBXSourcesBuildPhase;
			buildActionMask = 2147483647;
			files = (
				057CCD7D28A1824100E874A8 /* ChallengeTests.swift in Sources */,
			);
			runOnlyForDeploymentPostprocessing = 0;
		};
		057CCD7E28A1824100E874A8 /* Sources */ = {
			isa = PBXSourcesBuildPhase;
			buildActionMask = 2147483647;
			files = (
				057CCD8928A1824100E874A8 /* ChallengeUITestsLaunchTests.swift in Sources */,
				057CCD8728A1824100E874A8 /* ChallengeUITests.swift in Sources */,
			);
			runOnlyForDeploymentPostprocessing = 0;
		};
/* End PBXSourcesBuildPhase section */

/* Begin PBXTargetDependency section */
		057CCD7A28A1824100E874A8 /* PBXTargetDependency */ = {
			isa = PBXTargetDependency;
			target = 057CCD6128A1824000E874A8 /* Challenge */;
			targetProxy = 057CCD7928A1824100E874A8 /* PBXContainerItemProxy */;
		};
		057CCD8428A1824100E874A8 /* PBXTargetDependency */ = {
			isa = PBXTargetDependency;
			target = 057CCD6128A1824000E874A8 /* Challenge */;
			targetProxy = 057CCD8328A1824100E874A8 /* PBXContainerItemProxy */;
		};
/* End PBXTargetDependency section */

/* Begin PBXVariantGroup section */
		057CCD7028A1824100E874A8 /* LaunchScreen.storyboard */ = {
			isa = PBXVariantGroup;
			children = (
				057CCD7128A1824100E874A8 /* Base */,
			);
			name = LaunchScreen.storyboard;
			sourceTree = "<group>";
		};
/* End PBXVariantGroup section */

/* Begin XCBuildConfiguration section */
		057CCD8A28A1824100E874A8 /* Debug */ = {
			isa = XCBuildConfiguration;
			buildSettings = {
				ALWAYS_SEARCH_USER_PATHS = NO;
				CLANG_ANALYZER_NONNULL = YES;
				CLANG_ANALYZER_NUMBER_OBJECT_CONVERSION = YES_AGGRESSIVE;
				CLANG_CXX_LANGUAGE_STANDARD = "gnu++17";
				CLANG_ENABLE_MODULES = YES;
				CLANG_ENABLE_OBJC_ARC = YES;
				CLANG_ENABLE_OBJC_WEAK = YES;
				CLANG_WARN_BLOCK_CAPTURE_AUTORELEASING = YES;
				CLANG_WARN_BOOL_CONVERSION = YES;
				CLANG_WARN_COMMA = YES;
				CLANG_WARN_CONSTANT_CONVERSION = YES;
				CLANG_WARN_DEPRECATED_OBJC_IMPLEMENTATIONS = YES;
				CLANG_WARN_DIRECT_OBJC_ISA_USAGE = YES_ERROR;
				CLANG_WARN_DOCUMENTATION_COMMENTS = YES;
				CLANG_WARN_EMPTY_BODY = YES;
				CLANG_WARN_ENUM_CONVERSION = YES;
				CLANG_WARN_INFINITE_RECURSION = YES;
				CLANG_WARN_INT_CONVERSION = YES;
				CLANG_WARN_NON_LITERAL_NULL_CONVERSION = YES;
				CLANG_WARN_OBJC_IMPLICIT_RETAIN_SELF = YES;
				CLANG_WARN_OBJC_LITERAL_CONVERSION = YES;
				CLANG_WARN_OBJC_ROOT_CLASS = YES_ERROR;
				CLANG_WARN_QUOTED_INCLUDE_IN_FRAMEWORK_HEADER = YES;
				CLANG_WARN_RANGE_LOOP_ANALYSIS = YES;
				CLANG_WARN_STRICT_PROTOTYPES = YES;
				CLANG_WARN_SUSPICIOUS_MOVE = YES;
				CLANG_WARN_UNGUARDED_AVAILABILITY = YES_AGGRESSIVE;
				CLANG_WARN_UNREACHABLE_CODE = YES;
				CLANG_WARN__DUPLICATE_METHOD_MATCH = YES;
				COPY_PHASE_STRIP = NO;
				DEBUG_INFORMATION_FORMAT = dwarf;
				ENABLE_STRICT_OBJC_MSGSEND = YES;
				ENABLE_TESTABILITY = YES;
				GCC_C_LANGUAGE_STANDARD = gnu11;
				GCC_DYNAMIC_NO_PIC = NO;
				GCC_NO_COMMON_BLOCKS = YES;
				GCC_OPTIMIZATION_LEVEL = 0;
				GCC_PREPROCESSOR_DEFINITIONS = (
					"DEBUG=1",
					"$(inherited)",
				);
				GCC_WARN_64_TO_32_BIT_CONVERSION = YES;
				GCC_WARN_ABOUT_RETURN_TYPE = YES_ERROR;
				GCC_WARN_UNDECLARED_SELECTOR = YES;
				GCC_WARN_UNINITIALIZED_AUTOS = YES_AGGRESSIVE;
				GCC_WARN_UNUSED_FUNCTION = YES;
				GCC_WARN_UNUSED_VARIABLE = YES;
				IPHONEOS_DEPLOYMENT_TARGET = 15.5;
				MTL_ENABLE_DEBUG_INFO = INCLUDE_SOURCE;
				MTL_FAST_MATH = YES;
				ONLY_ACTIVE_ARCH = YES;
				SDKROOT = iphoneos;
				SWIFT_ACTIVE_COMPILATION_CONDITIONS = DEBUG;
				SWIFT_OPTIMIZATION_LEVEL = "-Onone";
			};
			name = Debug;
		};
		057CCD8B28A1824100E874A8 /* Release */ = {
			isa = XCBuildConfiguration;
			buildSettings = {
				ALWAYS_SEARCH_USER_PATHS = NO;
				CLANG_ANALYZER_NONNULL = YES;
				CLANG_ANALYZER_NUMBER_OBJECT_CONVERSION = YES_AGGRESSIVE;
				CLANG_CXX_LANGUAGE_STANDARD = "gnu++17";
				CLANG_ENABLE_MODULES = YES;
				CLANG_ENABLE_OBJC_ARC = YES;
				CLANG_ENABLE_OBJC_WEAK = YES;
				CLANG_WARN_BLOCK_CAPTURE_AUTORELEASING = YES;
				CLANG_WARN_BOOL_CONVERSION = YES;
				CLANG_WARN_COMMA = YES;
				CLANG_WARN_CONSTANT_CONVERSION = YES;
				CLANG_WARN_DEPRECATED_OBJC_IMPLEMENTATIONS = YES;
				CLANG_WARN_DIRECT_OBJC_ISA_USAGE = YES_ERROR;
				CLANG_WARN_DOCUMENTATION_COMMENTS = YES;
				CLANG_WARN_EMPTY_BODY = YES;
				CLANG_WARN_ENUM_CONVERSION = YES;
				CLANG_WARN_INFINITE_RECURSION = YES;
				CLANG_WARN_INT_CONVERSION = YES;
				CLANG_WARN_NON_LITERAL_NULL_CONVERSION = YES;
				CLANG_WARN_OBJC_IMPLICIT_RETAIN_SELF = YES;
				CLANG_WARN_OBJC_LITERAL_CONVERSION = YES;
				CLANG_WARN_OBJC_ROOT_CLASS = YES_ERROR;
				CLANG_WARN_QUOTED_INCLUDE_IN_FRAMEWORK_HEADER = YES;
				CLANG_WARN_RANGE_LOOP_ANALYSIS = YES;
				CLANG_WARN_STRICT_PROTOTYPES = YES;
				CLANG_WARN_SUSPICIOUS_MOVE = YES;
				CLANG_WARN_UNGUARDED_AVAILABILITY = YES_AGGRESSIVE;
				CLANG_WARN_UNREACHABLE_CODE = YES;
				CLANG_WARN__DUPLICATE_METHOD_MATCH = YES;
				COPY_PHASE_STRIP = NO;
				DEBUG_INFORMATION_FORMAT = "dwarf-with-dsym";
				ENABLE_NS_ASSERTIONS = NO;
				ENABLE_STRICT_OBJC_MSGSEND = YES;
				GCC_C_LANGUAGE_STANDARD = gnu11;
				GCC_NO_COMMON_BLOCKS = YES;
				GCC_WARN_64_TO_32_BIT_CONVERSION = YES;
				GCC_WARN_ABOUT_RETURN_TYPE = YES_ERROR;
				GCC_WARN_UNDECLARED_SELECTOR = YES;
				GCC_WARN_UNINITIALIZED_AUTOS = YES_AGGRESSIVE;
				GCC_WARN_UNUSED_FUNCTION = YES;
				GCC_WARN_UNUSED_VARIABLE = YES;
				IPHONEOS_DEPLOYMENT_TARGET = 15.5;
				MTL_ENABLE_DEBUG_INFO = NO;
				MTL_FAST_MATH = YES;
				SDKROOT = iphoneos;
				SWIFT_COMPILATION_MODE = wholemodule;
				SWIFT_OPTIMIZATION_LEVEL = "-O";
				VALIDATE_PRODUCT = YES;
			};
			name = Release;
		};
		057CCD8D28A1824100E874A8 /* Debug */ = {
			isa = XCBuildConfiguration;
			buildSettings = {
				ASSETCATALOG_COMPILER_APPICON_NAME = AppIcon;
				ASSETCATALOG_COMPILER_GLOBAL_ACCENT_COLOR_NAME = AccentColor;
				CODE_SIGN_STYLE = Automatic;
				CURRENT_PROJECT_VERSION = 1;
				DEVELOPMENT_TEAM = 3XP27NL574;
				GENERATE_INFOPLIST_FILE = YES;
				INFOPLIST_FILE = Challenge/Info.plist;
				INFOPLIST_KEY_UIApplicationSupportsIndirectInputEvents = YES;
				INFOPLIST_KEY_UILaunchStoryboardName = LaunchScreen;
				INFOPLIST_KEY_UISupportedInterfaceOrientations_iPad = "UIInterfaceOrientationPortrait UIInterfaceOrientationPortraitUpsideDown UIInterfaceOrientationLandscapeLeft UIInterfaceOrientationLandscapeRight";
				INFOPLIST_KEY_UISupportedInterfaceOrientations_iPhone = "UIInterfaceOrientationPortrait UIInterfaceOrientationLandscapeLeft UIInterfaceOrientationLandscapeRight";
				LD_RUNPATH_SEARCH_PATHS = (
					"$(inherited)",
					"@executable_path/Frameworks",
				);
				MARKETING_VERSION = 1.0;
				PRODUCT_BUNDLE_IDENTIFIER = com.pedropacheco.Challenge;
				PRODUCT_NAME = "$(TARGET_NAME)";
				SWIFT_EMIT_LOC_STRINGS = YES;
				SWIFT_VERSION = 5.0;
				TARGETED_DEVICE_FAMILY = "1,2";
			};
			name = Debug;
		};
		057CCD8E28A1824100E874A8 /* Release */ = {
			isa = XCBuildConfiguration;
			buildSettings = {
				ASSETCATALOG_COMPILER_APPICON_NAME = AppIcon;
				ASSETCATALOG_COMPILER_GLOBAL_ACCENT_COLOR_NAME = AccentColor;
				CODE_SIGN_STYLE = Automatic;
				CURRENT_PROJECT_VERSION = 1;
				DEVELOPMENT_TEAM = 3XP27NL574;
				GENERATE_INFOPLIST_FILE = YES;
				INFOPLIST_FILE = Challenge/Info.plist;
				INFOPLIST_KEY_UIApplicationSupportsIndirectInputEvents = YES;
				INFOPLIST_KEY_UILaunchStoryboardName = LaunchScreen;
				INFOPLIST_KEY_UISupportedInterfaceOrientations_iPad = "UIInterfaceOrientationPortrait UIInterfaceOrientationPortraitUpsideDown UIInterfaceOrientationLandscapeLeft UIInterfaceOrientationLandscapeRight";
				INFOPLIST_KEY_UISupportedInterfaceOrientations_iPhone = "UIInterfaceOrientationPortrait UIInterfaceOrientationLandscapeLeft UIInterfaceOrientationLandscapeRight";
				LD_RUNPATH_SEARCH_PATHS = (
					"$(inherited)",
					"@executable_path/Frameworks",
				);
				MARKETING_VERSION = 1.0;
				PRODUCT_BUNDLE_IDENTIFIER = com.pedropacheco.Challenge;
				PRODUCT_NAME = "$(TARGET_NAME)";
				SWIFT_EMIT_LOC_STRINGS = YES;
				SWIFT_VERSION = 5.0;
				TARGETED_DEVICE_FAMILY = "1,2";
			};
			name = Release;
		};
		057CCD9028A1824100E874A8 /* Debug */ = {
			isa = XCBuildConfiguration;
			buildSettings = {
				ALWAYS_EMBED_SWIFT_STANDARD_LIBRARIES = YES;
				BUNDLE_LOADER = "$(TEST_HOST)";
				CODE_SIGN_STYLE = Automatic;
				CURRENT_PROJECT_VERSION = 1;
				DEVELOPMENT_TEAM = 3XP27NL574;
				GENERATE_INFOPLIST_FILE = YES;
				IPHONEOS_DEPLOYMENT_TARGET = 15.5;
				MARKETING_VERSION = 1.0;
				PRODUCT_BUNDLE_IDENTIFIER = com.pedropacheco.ChallengeTests;
				PRODUCT_NAME = "$(TARGET_NAME)";
				SWIFT_EMIT_LOC_STRINGS = NO;
				SWIFT_VERSION = 5.0;
				TARGETED_DEVICE_FAMILY = "1,2";
				TEST_HOST = "$(BUILT_PRODUCTS_DIR)/Challenge.app/Challenge";
			};
			name = Debug;
		};
		057CCD9128A1824100E874A8 /* Release */ = {
			isa = XCBuildConfiguration;
			buildSettings = {
				ALWAYS_EMBED_SWIFT_STANDARD_LIBRARIES = YES;
				BUNDLE_LOADER = "$(TEST_HOST)";
				CODE_SIGN_STYLE = Automatic;
				CURRENT_PROJECT_VERSION = 1;
				DEVELOPMENT_TEAM = 3XP27NL574;
				GENERATE_INFOPLIST_FILE = YES;
				IPHONEOS_DEPLOYMENT_TARGET = 15.5;
				MARKETING_VERSION = 1.0;
				PRODUCT_BUNDLE_IDENTIFIER = com.pedropacheco.ChallengeTests;
				PRODUCT_NAME = "$(TARGET_NAME)";
				SWIFT_EMIT_LOC_STRINGS = NO;
				SWIFT_VERSION = 5.0;
				TARGETED_DEVICE_FAMILY = "1,2";
				TEST_HOST = "$(BUILT_PRODUCTS_DIR)/Challenge.app/Challenge";
			};
			name = Release;
		};
		057CCD9328A1824100E874A8 /* Debug */ = {
			isa = XCBuildConfiguration;
			buildSettings = {
				ALWAYS_EMBED_SWIFT_STANDARD_LIBRARIES = YES;
				CODE_SIGN_STYLE = Automatic;
				CURRENT_PROJECT_VERSION = 1;
				DEVELOPMENT_TEAM = 3XP27NL574;
				GENERATE_INFOPLIST_FILE = YES;
				MARKETING_VERSION = 1.0;
				PRODUCT_BUNDLE_IDENTIFIER = com.pedropacheco.ChallengeUITests;
				PRODUCT_NAME = "$(TARGET_NAME)";
				SWIFT_EMIT_LOC_STRINGS = NO;
				SWIFT_VERSION = 5.0;
				TARGETED_DEVICE_FAMILY = "1,2";
				TEST_TARGET_NAME = Challenge;
			};
			name = Debug;
		};
		057CCD9428A1824100E874A8 /* Release */ = {
			isa = XCBuildConfiguration;
			buildSettings = {
				ALWAYS_EMBED_SWIFT_STANDARD_LIBRARIES = YES;
				CODE_SIGN_STYLE = Automatic;
				CURRENT_PROJECT_VERSION = 1;
				DEVELOPMENT_TEAM = 3XP27NL574;
				GENERATE_INFOPLIST_FILE = YES;
				MARKETING_VERSION = 1.0;
				PRODUCT_BUNDLE_IDENTIFIER = com.pedropacheco.ChallengeUITests;
				PRODUCT_NAME = "$(TARGET_NAME)";
				SWIFT_EMIT_LOC_STRINGS = NO;
				SWIFT_VERSION = 5.0;
				TARGETED_DEVICE_FAMILY = "1,2";
				TEST_TARGET_NAME = Challenge;
			};
			name = Release;
		};
/* End XCBuildConfiguration section */

/* Begin XCConfigurationList section */
		057CCD5D28A1824000E874A8 /* Build configuration list for PBXProject "Challenge" */ = {
			isa = XCConfigurationList;
			buildConfigurations = (
				057CCD8A28A1824100E874A8 /* Debug */,
				057CCD8B28A1824100E874A8 /* Release */,
			);
			defaultConfigurationIsVisible = 0;
			defaultConfigurationName = Release;
		};
		057CCD8C28A1824100E874A8 /* Build configuration list for PBXNativeTarget "Challenge" */ = {
			isa = XCConfigurationList;
			buildConfigurations = (
				057CCD8D28A1824100E874A8 /* Debug */,
				057CCD8E28A1824100E874A8 /* Release */,
			);
			defaultConfigurationIsVisible = 0;
			defaultConfigurationName = Release;
		};
		057CCD8F28A1824100E874A8 /* Build configuration list for PBXNativeTarget "ChallengeTests" */ = {
			isa = XCConfigurationList;
			buildConfigurations = (
				057CCD9028A1824100E874A8 /* Debug */,
				057CCD9128A1824100E874A8 /* Release */,
			);
			defaultConfigurationIsVisible = 0;
			defaultConfigurationName = Release;
		};
		057CCD9228A1824100E874A8 /* Build configuration list for PBXNativeTarget "ChallengeUITests" */ = {
			isa = XCConfigurationList;
			buildConfigurations = (
				057CCD9328A1824100E874A8 /* Debug */,
				057CCD9428A1824100E874A8 /* Release */,
			);
			defaultConfigurationIsVisible = 0;
			defaultConfigurationName = Release;
		};
/* End XCConfigurationList section */

/* Begin XCRemoteSwiftPackageReference section */
		057CCDAE28A1834C00E874A8 /* XCRemoteSwiftPackageReference "Kingfisher" */ = {
			isa = XCRemoteSwiftPackageReference;
			repositoryURL = "https://github.com/onevcat/Kingfisher.git";
			requirement = {
				kind = upToNextMajorVersion;
				minimumVersion = 7.0.0;
			};
		};
		057CCDBE28A1854400E874A8 /* XCRemoteSwiftPackageReference "RxSwift" */ = {
			isa = XCRemoteSwiftPackageReference;
			repositoryURL = "https://github.com/ReactiveX/RxSwift.git";
			requirement = {
				branch = main;
				kind = branch;
			};
		};
/* End XCRemoteSwiftPackageReference section */

/* Begin XCSwiftPackageProductDependency section */
		057CCDAF28A1834C00E874A8 /* Kingfisher */ = {
			isa = XCSwiftPackageProductDependency;
			package = 057CCDAE28A1834C00E874A8 /* XCRemoteSwiftPackageReference "Kingfisher" */;
			productName = Kingfisher;
		};
		057CCDBF28A1854400E874A8 /* RxCocoa */ = {
			isa = XCSwiftPackageProductDependency;
			package = 057CCDBE28A1854400E874A8 /* XCRemoteSwiftPackageReference "RxSwift" */;
			productName = RxCocoa;
		};
		057CCDC128A1854400E874A8 /* RxRelay */ = {
			isa = XCSwiftPackageProductDependency;
			package = 057CCDBE28A1854400E874A8 /* XCRemoteSwiftPackageReference "RxSwift" */;
			productName = RxRelay;
		};
		057CCDC328A1854400E874A8 /* RxSwift */ = {
			isa = XCSwiftPackageProductDependency;
			package = 057CCDBE28A1854400E874A8 /* XCRemoteSwiftPackageReference "RxSwift" */;
			productName = RxSwift;
		};
/* End XCSwiftPackageProductDependency section */
	};
	rootObject = 057CCD5A28A1823F00E874A8 /* Project object */;
}
